version = 1
revision = 2
requires-python = ">=3.9"

[[package]]
name = "importlib-resources"
version = "6.5.2"
source = { registry = "https://pypi.org/simple" }
dependencies = [
    { name = "zipp", marker = "python_full_version < '3.10'" },
]
sdist = { url = "https://files.pythonhosted.org/packages/cf/8c/f834fbf984f691b4f7ff60f50b514cc3de5cc08abfc3295564dd89c5e2e7/importlib_resources-6.5.2.tar.gz", hash = "sha256:185f87adef5bcc288449d98fb4fba07cea78bc036455dd44c5fc4a2fe78fed2c", size = 44693, upload-time = "2025-01-03T18:51:56.698Z" }
wheels = [
    { url = "https://files.pythonhosted.org/packages/a4/ed/1f1afb2e9e7f38a545d628f864d562a5ae64fe6f7a10e28ffb9b185b4e89/importlib_resources-6.5.2-py3-none-any.whl", hash = "sha256:789cfdc3ed28c78b67a06acb8126751ced69a3d5f79c095a98298cd8a760ccec", size = 37461, upload-time = "2025-01-03T18:51:54.306Z" },
]

[[package]]
name = "wasm-jco-wac"
version = "0.1.0"
source = { virtual = "." }
dependencies = [
    { name = "wasmtime" },
]

[package.metadata]
requires-dist = [{ name = "wasmtime", specifier = ">=33.0.0" }]

[[package]]
name = "wasmtime"
version = "33.0.0"
source = { registry = "https://pypi.org/simple" }
dependencies = [
    { name = "importlib-resources" },
]
wheels = [
    { url = "https://files.pythonhosted.org/packages/90/69/3f65a4cc5cfca92cab669f655e93e3e1f32974be95274fdd2389dda6329d/wasmtime-33.0.0-py3-none-android_26_arm64_v8a.whl", hash = "sha256:a26e46c7f81888bcde8d12bae9302d7dcddd8a719fc19419fb27e4a06281c71a", size = 7488876, upload-time = "2025-05-20T16:05:55.861Z" },
    { url = "https://files.pythonhosted.org/packages/eb/d3/1d5c6eb9ad73f60f2d034cfb9597bf621e07a61a915879317f95b148b210/wasmtime-33.0.0-py3-none-android_26_x86_64.whl", hash = "sha256:e1243becb59ffda44ed2ba00bdd62d0b90adf8bfd3d960dccf8d30391a278a0e", size = 7878185, upload-time = "2025-05-20T16:05:58.04Z" },
    { url = "https://files.pythonhosted.org/packages/99/cc/e33294735cfdf8be5a0cb0d16d33f9cc42cb4a86be2669b1019c53dd91d7/wasmtime-33.0.0-py3-none-any.whl", hash = "sha256:122d76e3d7886bee29aa86cd55ddd767b48da5990abeab3cd54f73e79ab56e4b", size = 6311145, upload-time = "2025-05-20T16:05:59.753Z" },
    { url = "https://files.pythonhosted.org/packages/40/a9/16bbb3d483da3d10091f3067fd4eb814526a3278e9a22902be5fb9d9d499/wasmtime-33.0.0-py3-none-macosx_10_13_x86_64.whl", hash = "sha256:ab1d1eea16ed11a476d1d94926f674cc0b72376777cb913ba2e6a620ebb745cd", size = 7593761, upload-time = "2025-05-20T16:06:01.551Z" },
    { url = "https://files.pythonhosted.org/packages/ef/4b/111b46c4a78ce2917eb2e499c8f86e6af892f1df5796cedeaf009e96cd5d/wasmtime-33.0.0-py3-none-macosx_11_0_arm64.whl", hash = "sha256:68ed6205bf7935cd272eb65105bd4d70fdbdc3fc678ff68b8ef9c5a71ebbcef4", size = 6831291, upload-time = "2025-05-20T16:06:02.912Z" },
    { url = "https://files.pythonhosted.org/packages/f4/53/c0cfef5560859ac2775ed124c38feab5af6d32ed495129724f693845dae9/wasmtime-33.0.0-py3-none-manylinux1_x86_64.whl", hash = "sha256:f78e907ba860967e340421b23dcce62fd1497b250f4d0e1f349c114f71813df0", size = 8098843, upload-time = "2025-05-20T16:06:04.427Z" },
    { url = "https://files.pythonhosted.org/packages/db/00/cfda08e54a20e559ba3a403702780bba226c33a83b5c1a9cf13eba7ba260/wasmtime-33.0.0-py3-none-manylinux2014_aarch64.whl", hash = "sha256:71d4e0ca9b0223dd888b0224fcd98c6a38c58bee81f57955ec866464e361ded5", size = 7479498, upload-time = "2025-05-20T16:06:06.277Z" },
    { url = "https://files.pythonhosted.org/packages/e9/48/88e1b3cce0a2886c393a74da68a86e8f37d22db46604166c93ba5c5fbe36/wasmtime-33.0.0-py3-none-musllinux_1_2_x86_64.whl", hash = "sha256:ad715713d73e89c0796d610d4111ac47fb6ae0327c7f56b772f7a48d0e52f525", size = 8109741, upload-time = "2025-05-20T16:06:07.949Z" },
    { url = "https://files.pythonhosted.org/packages/61/d1/02d0fcb1a0bade73dd4c60fd8975e817df0629c6bf3f4a4b57fbfc5fbe52/wasmtime-33.0.0-py3-none-win_amd64.whl", hash = "sha256:29da818ff7754fe013de577c04a701cd558cf90a518b2f79f890d0bc3e97b555", size = 6311152, upload-time = "2025-05-20T16:06:09.579Z" },
    { url = "https://files.pythonhosted.org/packages/a9/2c/b0367a704ee0bd662fb5c7c24597bc388ff2bb8b1634c1f40abb39c59624/wasmtime-33.0.0-py3-none-win_arm64.whl", hash = "sha256:0cefe9014a2804fd679e20e09c8db53f89bf6a46782800077a7adba5adf42cb2", size = 5727145, upload-time = "2025-05-20T16:06:10.906Z" },
]

[[package]]
name = "zipp"
version = "3.21.0"
source = { registry = "https://pypi.org/simple" }
sdist = { url = "https://files.pythonhosted.org/packages/3f/50/bad581df71744867e9468ebd0bcd6505de3b275e06f202c2cb016e3ff56f/zipp-3.21.0.tar.gz", hash = "sha256:2c9958f6430a2040341a52eb608ed6dd93ef4392e02ffe219417c1b28b5dd1f4", size = 24545, upload-time = "2024-11-10T15:05:20.202Z" }
wheels = [
    { url = "https://files.pythonhosted.org/packages/b7/1a/7e4798e9339adc931158c9d69ecc34f5e6791489d469f5e50ec15e35f458/zipp-3.21.0-py3-none-any.whl", hash = "sha256:ac1bbe05fd2991f160ebce24ffbac5f6d11d83dc90891255885223d42b3cd931", size = 9630, upload-time = "2024-11-10T15:05:19.275Z" },
]
